
Microsoft Visual Studio Solution File, Format Version 12.00
# Visual Studio Version 16
VisualStudioVersion = 16.0.31005.135
MinimumVisualStudioVersion = 10.0.40219.1
Project("{FAE04EC0-301F-11D3-BF4B-00C04F79EFBC}") = "EchoBot1", "EchoBot1\EchoBot1.csproj", "{C1DAC3F0-5CDF-49B9-80E3-66E74FBC6A01}"
EndProject
Global
	GlobalSection(SolutionConfigurationPlatforms) = preSolution
		Debug|Any CPU = Debug|Any CPU
		Release|Any CPU = Release|Any CPU
	EndGlobalSection
	GlobalSection(ProjectConfigurationPlatforms) = postSolution
		{C1DAC3F0-5CDF-49B9-80E3-66E74FBC6A01}.Debug|Any CPU.ActiveCfg = Debug|Any CPU
		{C1DAC3F0-5CDF-49B9-80E3-66E74FBC6A01}.Debug|Any CPU.Build.0 = Debug|Any CPU
		{C1DAC3F0-5CDF-49B9-80E3-66E74FBC6A01}.Release|Any CPU.ActiveCfg = Release|Any CPU
		{C1DAC3F0-5CDF-49B9-80E3-66E74FBC6A01}.Release|Any CPU.Build.0 = Release|Any CPU
	EndGlobalSection
	GlobalSection(SolutionProperties) = preSolution
		HideSolutionNode = FALSE
	EndGlobalSection
	GlobalSection(ExtensibilityGlobals) = postSolution
		SolutionGuid = {49460F1D-38A6-4102-964B-564A7E2853FA}
	EndGlobalSection
EndGlobal
